// !$*UTF8*$!
{
	archiveVersion = 1;
	classes = {
	};
	objectVersion = 50;
	objects = {

/* Begin PBXBuildFile section */
		0DB4D55D26D9515B007C07CC /* AppDelegate.swift in Sources */ = {isa = PBXBuildFile; fileRef = 0DB4D55C26D9515B007C07CC /* AppDelegate.swift */; };
		0DB4D55F26D9515B007C07CC /* SceneDelegate.swift in Sources */ = {isa = PBXBuildFile; fileRef = 0DB4D55E26D9515B007C07CC /* SceneDelegate.swift */; };
		0DB4D56426D9515B007C07CC /* Main.storyboard in Resources */ = {isa = PBXBuildFile; fileRef = 0DB4D56226D9515B007C07CC /* Main.storyboard */; };
		0DB4D56626D9515E007C07CC /* Assets.xcassets in Resources */ = {isa = PBXBuildFile; fileRef = 0DB4D56526D9515E007C07CC /* Assets.xcassets */; };
		0DB4D56926D9515E007C07CC /* LaunchScreen.storyboard in Resources */ = {isa = PBXBuildFile; fileRef = 0DB4D56726D9515E007C07CC /* LaunchScreen.storyboard */; };
		0DB4D57426D9515E007C07CC /* FetchRecipesWTestingTests.swift in Sources */ = {isa = PBXBuildFile; fileRef = 0DB4D57326D9515E007C07CC /* FetchRecipesWTestingTests.swift */; };
		0DB4D57F26D9515E007C07CC /* FetchRecipesWTestingUITests.swift in Sources */ = {isa = PBXBuildFile; fileRef = 0DB4D57E26D9515E007C07CC /* FetchRecipesWTestingUITests.swift */; };
		0DB4D59326D951BC007C07CC /* GlobalFns.swift in Sources */ = {isa = PBXBuildFile; fileRef = 0DB4D59226D951BC007C07CC /* GlobalFns.swift */; };
		0DB4D59526D951C7007C07CC /* MealError.swift in Sources */ = {isa = PBXBuildFile; fileRef = 0DB4D59426D951C7007C07CC /* MealError.swift */; };
		0DB4D59726D951E0007C07CC /* CategoryError.swift in Sources */ = {isa = PBXBuildFile; fileRef = 0DB4D59626D951E0007C07CC /* CategoryError.swift */; };
		0DB4D59B26D9520C007C07CC /* CategoriesTableViewCell.swift in Sources */ = {isa = PBXBuildFile; fileRef = 0DB4D59A26D9520C007C07CC /* CategoriesTableViewCell.swift */; };
		0DB4D59D26D95219007C07CC /* MealTableViewCell.swift in Sources */ = {isa = PBXBuildFile; fileRef = 0DB4D59C26D95219007C07CC /* MealTableViewCell.swift */; };
		0DB4D5A126D95248007C07CC /* CategoriesViewController.swift in Sources */ = {isa = PBXBuildFile; fileRef = 0DB4D5A026D95248007C07CC /* CategoriesViewController.swift */; };
		0DB4D5A326D95257007C07CC /* MealDetailViewController.swift in Sources */ = {isa = PBXBuildFile; fileRef = 0DB4D5A226D95257007C07CC /* MealDetailViewController.swift */; };
		0DB4D5A526D9526B007C07CC /* MealTableViewController.swift in Sources */ = {isa = PBXBuildFile; fileRef = 0DB4D5A426D9526B007C07CC /* MealTableViewController.swift */; };
		0DB4D5A726D95277007C07CC /* MealController.swift in Sources */ = {isa = PBXBuildFile; fileRef = 0DB4D5A626D95277007C07CC /* MealController.swift */; };
		0DB4D5A926D95282007C07CC /* CategoryController.swift in Sources */ = {isa = PBXBuildFile; fileRef = 0DB4D5A826D95282007C07CC /* CategoryController.swift */; };
		0DB4D5AB26D952A5007C07CC /* MealTableViewModel.swift in Sources */ = {isa = PBXBuildFile; fileRef = 0DB4D5AA26D952A5007C07CC /* MealTableViewModel.swift */; };
		0DB4D5AD26D952B2007C07CC /* CategoriesViewModel.swift in Sources */ = {isa = PBXBuildFile; fileRef = 0DB4D5AC26D952B2007C07CC /* CategoriesViewModel.swift */; };
		0DB4D5AF26D952D6007C07CC /* Category.swift in Sources */ = {isa = PBXBuildFile; fileRef = 0DB4D5AE26D952D6007C07CC /* Category.swift */; };
		0DB4D5B126D952DD007C07CC /* Meal.swift in Sources */ = {isa = PBXBuildFile; fileRef = 0DB4D5B026D952DD007C07CC /* Meal.swift */; };
/* End PBXBuildFile section */

/* Begin PBXContainerItemProxy section */
		0DB4D57026D9515E007C07CC /* PBXContainerItemProxy */ = {
			isa = PBXContainerItemProxy;
			containerPortal = 0DB4D55126D9515B007C07CC /* Project object */;
			proxyType = 1;
			remoteGlobalIDString = 0DB4D55826D9515B007C07CC;
			remoteInfo = FetchRecipesWTesting;
		};
		0DB4D57B26D9515E007C07CC /* PBXContainerItemProxy */ = {
			isa = PBXContainerItemProxy;
			containerPortal = 0DB4D55126D9515B007C07CC /* Project object */;
			proxyType = 1;
			remoteGlobalIDString = 0DB4D55826D9515B007C07CC;
			remoteInfo = FetchRecipesWTesting;
		};
/* End PBXContainerItemProxy section */

/* Begin PBXFileReference section */
		0DB4D55926D9515B007C07CC /* FetchRecipesWTesting.app */ = {isa = PBXFileReference; explicitFileType = wrapper.application; includeInIndex = 0; path = FetchRecipesWTesting.app; sourceTree = BUILT_PRODUCTS_DIR; };
		0DB4D55C26D9515B007C07CC /* AppDelegate.swift */ = {isa = PBXFileReference; lastKnownFileType = sourcecode.swift; path = AppDelegate.swift; sourceTree = "<group>"; };
		0DB4D55E26D9515B007C07CC /* SceneDelegate.swift */ = {isa = PBXFileReference; lastKnownFileType = sourcecode.swift; path = SceneDelegate.swift; sourceTree = "<group>"; };
		0DB4D56326D9515B007C07CC /* Base */ = {isa = PBXFileReference; lastKnownFileType = file.storyboard; name = Base; path = Base.lproj/Main.storyboard; sourceTree = "<group>"; };
		0DB4D56526D9515E007C07CC /* Assets.xcassets */ = {isa = PBXFileReference; lastKnownFileType = folder.assetcatalog; path = Assets.xcassets; sourceTree = "<group>"; };
		0DB4D56826D9515E007C07CC /* Base */ = {isa = PBXFileReference; lastKnownFileType = file.storyboard; name = Base; path = Base.lproj/LaunchScreen.storyboard; sourceTree = "<group>"; };
		0DB4D56A26D9515E007C07CC /* Info.plist */ = {isa = PBXFileReference; lastKnownFileType = text.plist.xml; path = Info.plist; sourceTree = "<group>"; };
		0DB4D56F26D9515E007C07CC /* FetchRecipesWTestingTests.xctest */ = {isa = PBXFileReference; explicitFileType = wrapper.cfbundle; includeInIndex = 0; path = FetchRecipesWTestingTests.xctest; sourceTree = BUILT_PRODUCTS_DIR; };
		0DB4D57326D9515E007C07CC /* FetchRecipesWTestingTests.swift */ = {isa = PBXFileReference; lastKnownFileType = sourcecode.swift; path = FetchRecipesWTestingTests.swift; sourceTree = "<group>"; };
		0DB4D57526D9515E007C07CC /* Info.plist */ = {isa = PBXFileReference; lastKnownFileType = text.plist.xml; path = Info.plist; sourceTree = "<group>"; };
		0DB4D57A26D9515E007C07CC /* FetchRecipesWTestingUITests.xctest */ = {isa = PBXFileReference; explicitFileType = wrapper.cfbundle; includeInIndex = 0; path = FetchRecipesWTestingUITests.xctest; sourceTree = BUILT_PRODUCTS_DIR; };
		0DB4D57E26D9515E007C07CC /* FetchRecipesWTestingUITests.swift */ = {isa = PBXFileReference; lastKnownFileType = sourcecode.swift; path = FetchRecipesWTestingUITests.swift; sourceTree = "<group>"; };
		0DB4D58026D9515E007C07CC /* Info.plist */ = {isa = PBXFileReference; lastKnownFileType = text.plist.xml; path = Info.plist; sourceTree = "<group>"; };
		0DB4D59226D951BC007C07CC /* GlobalFns.swift */ = {isa = PBXFileReference; lastKnownFileType = sourcecode.swift; path = GlobalFns.swift; sourceTree = "<group>"; };
		0DB4D59426D951C7007C07CC /* MealError.swift */ = {isa = PBXFileReference; lastKnownFileType = sourcecode.swift; path = MealError.swift; sourceTree = "<group>"; };
		0DB4D59626D951E0007C07CC /* CategoryError.swift */ = {isa = PBXFileReference; lastKnownFileType = sourcecode.swift; path = CategoryError.swift; sourceTree = "<group>"; };
		0DB4D59A26D9520C007C07CC /* CategoriesTableViewCell.swift */ = {isa = PBXFileReference; lastKnownFileType = sourcecode.swift; path = CategoriesTableViewCell.swift; sourceTree = "<group>"; };
		0DB4D59C26D95219007C07CC /* MealTableViewCell.swift */ = {isa = PBXFileReference; lastKnownFileType = sourcecode.swift; path = MealTableViewCell.swift; sourceTree = "<group>"; };
		0DB4D5A026D95248007C07CC /* CategoriesViewController.swift */ = {isa = PBXFileReference; lastKnownFileType = sourcecode.swift; path = CategoriesViewController.swift; sourceTree = "<group>"; };
		0DB4D5A226D95257007C07CC /* MealDetailViewController.swift */ = {isa = PBXFileReference; lastKnownFileType = sourcecode.swift; path = MealDetailViewController.swift; sourceTree = "<group>"; };
		0DB4D5A426D9526B007C07CC /* MealTableViewController.swift */ = {isa = PBXFileReference; lastKnownFileType = sourcecode.swift; path = MealTableViewController.swift; sourceTree = "<group>"; };
		0DB4D5A626D95277007C07CC /* MealController.swift */ = {isa = PBXFileReference; lastKnownFileType = sourcecode.swift; path = MealController.swift; sourceTree = "<group>"; };
		0DB4D5A826D95282007C07CC /* CategoryController.swift */ = {isa = PBXFileReference; lastKnownFileType = sourcecode.swift; path = CategoryController.swift; sourceTree = "<group>"; };
		0DB4D5AA26D952A5007C07CC /* MealTableViewModel.swift */ = {isa = PBXFileReference; lastKnownFileType = sourcecode.swift; path = MealTableViewModel.swift; sourceTree = "<group>"; };
		0DB4D5AC26D952B2007C07CC /* CategoriesViewModel.swift */ = {isa = PBXFileReference; lastKnownFileType = sourcecode.swift; path = CategoriesViewModel.swift; sourceTree = "<group>"; };
		0DB4D5AE26D952D6007C07CC /* Category.swift */ = {isa = PBXFileReference; lastKnownFileType = sourcecode.swift; path = Category.swift; sourceTree = "<group>"; };
		0DB4D5B026D952DD007C07CC /* Meal.swift */ = {isa = PBXFileReference; lastKnownFileType = sourcecode.swift; path = Meal.swift; sourceTree = "<group>"; };
/* End PBXFileReference section */

/* Begin PBXFrameworksBuildPhase section */
		0DB4D55626D9515B007C07CC /* Frameworks */ = {
			isa = PBXFrameworksBuildPhase;
			buildActionMask = 2147483647;
			files = (
			);
			runOnlyForDeploymentPostprocessing = 0;
		};
		0DB4D56C26D9515E007C07CC /* Frameworks */ = {
			isa = PBXFrameworksBuildPhase;
			buildActionMask = 2147483647;
			files = (
			);
			runOnlyForDeploymentPostprocessing = 0;
		};
		0DB4D57726D9515E007C07CC /* Frameworks */ = {
			isa = PBXFrameworksBuildPhase;
			buildActionMask = 2147483647;
			files = (
			);
			runOnlyForDeploymentPostprocessing = 0;
		};
/* End PBXFrameworksBuildPhase section */

/* Begin PBXGroup section */
		0DB4D55026D9515B007C07CC = {
			isa = PBXGroup;
			children = (
				0DB4D55B26D9515B007C07CC /* FetchRecipesWTesting */,
				0DB4D57226D9515E007C07CC /* FetchRecipesWTestingTests */,
				0DB4D57D26D9515E007C07CC /* FetchRecipesWTestingUITests */,
				0DB4D55A26D9515B007C07CC /* Products */,
			);
			sourceTree = "<group>";
		};
		0DB4D55A26D9515B007C07CC /* Products */ = {
			isa = PBXGroup;
			children = (
				0DB4D55926D9515B007C07CC /* FetchRecipesWTesting.app */,
				0DB4D56F26D9515E007C07CC /* FetchRecipesWTestingTests.xctest */,
				0DB4D57A26D9515E007C07CC /* FetchRecipesWTestingUITests.xctest */,
			);
			name = Products;
			sourceTree = "<group>";
		};
		0DB4D55B26D9515B007C07CC /* FetchRecipesWTesting */ = {
			isa = PBXGroup;
			children = (
				0DB4D59126D951A6007C07CC /* Models */,
				0DB4D59026D951A2007C07CC /* ViewModels */,
				0DB4D58F26D9519E007C07CC /* Controllers */,
				0DB4D58E26D9519A007C07CC /* Views */,
				0DB4D58D26D95196007C07CC /* Helpers */,
				0DB4D58C26D95171007C07CC /* Resources */,
			);
			path = FetchRecipesWTesting;
			sourceTree = "<group>";
		};
		0DB4D57226D9515E007C07CC /* FetchRecipesWTestingTests */ = {
			isa = PBXGroup;
			children = (
				0DB4D57326D9515E007C07CC /* FetchRecipesWTestingTests.swift */,
				0DB4D57526D9515E007C07CC /* Info.plist */,
			);
			path = FetchRecipesWTestingTests;
			sourceTree = "<group>";
		};
		0DB4D57D26D9515E007C07CC /* FetchRecipesWTestingUITests */ = {
			isa = PBXGroup;
			children = (
				0DB4D57E26D9515E007C07CC /* FetchRecipesWTestingUITests.swift */,
				0DB4D58026D9515E007C07CC /* Info.plist */,
			);
			path = FetchRecipesWTestingUITests;
			sourceTree = "<group>";
		};
		0DB4D58C26D95171007C07CC /* Resources */ = {
			isa = PBXGroup;
			children = (
				0DB4D55C26D9515B007C07CC /* AppDelegate.swift */,
				0DB4D55E26D9515B007C07CC /* SceneDelegate.swift */,
				0DB4D56526D9515E007C07CC /* Assets.xcassets */,
				0DB4D56A26D9515E007C07CC /* Info.plist */,
			);
			path = Resources;
			sourceTree = "<group>";
		};
		0DB4D58D26D95196007C07CC /* Helpers */ = {
			isa = PBXGroup;
			children = (
				0DB4D59626D951E0007C07CC /* CategoryError.swift */,
				0DB4D59426D951C7007C07CC /* MealError.swift */,
				0DB4D59226D951BC007C07CC /* GlobalFns.swift */,
			);
			path = Helpers;
			sourceTree = "<group>";
		};
		0DB4D58E26D9519A007C07CC /* Views */ = {
			isa = PBXGroup;
			children = (
				0DB4D59926D951F4007C07CC /* CustomViews */,
				0DB4D59826D951E9007C07CC /* Storyboard */,
			);
			path = Views;
			sourceTree = "<group>";
		};
		0DB4D58F26D9519E007C07CC /* Controllers */ = {
			isa = PBXGroup;
			children = (
				0DB4D59F26D95224007C07CC /* ModelControllers */,
				0DB4D59E26D9521F007C07CC /* ViewControllers */,
			);
			path = Controllers;
			sourceTree = "<group>";
		};
		0DB4D59026D951A2007C07CC /* ViewModels */ = {
			isa = PBXGroup;
			children = (
				0DB4D5AA26D952A5007C07CC /* MealTableViewModel.swift */,
				0DB4D5AC26D952B2007C07CC /* CategoriesViewModel.swift */,
			);
			path = ViewModels;
			sourceTree = "<group>";
		};
		0DB4D59126D951A6007C07CC /* Models */ = {
			isa = PBXGroup;
			children = (
				0DB4D5AE26D952D6007C07CC /* Category.swift */,
				0DB4D5B026D952DD007C07CC /* Meal.swift */,
			);
			path = Models;
			sourceTree = "<group>";
		};
		0DB4D59826D951E9007C07CC /* Storyboard */ = {
			isa = PBXGroup;
			children = (
				0DB4D56226D9515B007C07CC /* Main.storyboard */,
				0DB4D56726D9515E007C07CC /* LaunchScreen.storyboard */,
			);
			path = Storyboard;
			sourceTree = "<group>";
		};
		0DB4D59926D951F4007C07CC /* CustomViews */ = {
			isa = PBXGroup;
			children = (
				0DB4D59A26D9520C007C07CC /* CategoriesTableViewCell.swift */,
				0DB4D59C26D95219007C07CC /* MealTableViewCell.swift */,
			);
			path = CustomViews;
			sourceTree = "<group>";
		};
		0DB4D59E26D9521F007C07CC /* ViewControllers */ = {
			isa = PBXGroup;
			children = (
				0DB4D5A026D95248007C07CC /* CategoriesViewController.swift */,
				0DB4D5A226D95257007C07CC /* MealDetailViewController.swift */,
				0DB4D5A426D9526B007C07CC /* MealTableViewController.swift */,
			);
			path = ViewControllers;
			sourceTree = "<group>";
		};
		0DB4D59F26D95224007C07CC /* ModelControllers */ = {
			isa = PBXGroup;
			children = (
				0DB4D5A826D95282007C07CC /* CategoryController.swift */,
				0DB4D5A626D95277007C07CC /* MealController.swift */,
			);
			path = ModelControllers;
			sourceTree = "<group>";
		};
/* End PBXGroup section */

/* Begin PBXNativeTarget section */
		0DB4D55826D9515B007C07CC /* FetchRecipesWTesting */ = {
			isa = PBXNativeTarget;
			buildConfigurationList = 0DB4D58326D9515E007C07CC /* Build configuration list for PBXNativeTarget "FetchRecipesWTesting" */;
			buildPhases = (
				0DB4D55526D9515B007C07CC /* Sources */,
				0DB4D55626D9515B007C07CC /* Frameworks */,
				0DB4D55726D9515B007C07CC /* Resources */,
			);
			buildRules = (
			);
			dependencies = (
			);
			name = FetchRecipesWTesting;
			productName = FetchRecipesWTesting;
			productReference = 0DB4D55926D9515B007C07CC /* FetchRecipesWTesting.app */;
			productType = "com.apple.product-type.application";
		};
		0DB4D56E26D9515E007C07CC /* FetchRecipesWTestingTests */ = {
			isa = PBXNativeTarget;
			buildConfigurationList = 0DB4D58626D9515E007C07CC /* Build configuration list for PBXNativeTarget "FetchRecipesWTestingTests" */;
			buildPhases = (
				0DB4D56B26D9515E007C07CC /* Sources */,
				0DB4D56C26D9515E007C07CC /* Frameworks */,
				0DB4D56D26D9515E007C07CC /* Resources */,
			);
			buildRules = (
			);
			dependencies = (
				0DB4D57126D9515E007C07CC /* PBXTargetDependency */,
			);
			name = FetchRecipesWTestingTests;
			productName = FetchRecipesWTestingTests;
			productReference = 0DB4D56F26D9515E007C07CC /* FetchRecipesWTestingTests.xctest */;
			productType = "com.apple.product-type.bundle.unit-test";
		};
		0DB4D57926D9515E007C07CC /* FetchRecipesWTestingUITests */ = {
			isa = PBXNativeTarget;
			buildConfigurationList = 0DB4D58926D9515E007C07CC /* Build configuration list for PBXNativeTarget "FetchRecipesWTestingUITests" */;
			buildPhases = (
				0DB4D57626D9515E007C07CC /* Sources */,
				0DB4D57726D9515E007C07CC /* Frameworks */,
				0DB4D57826D9515E007C07CC /* Resources */,
			);
			buildRules = (
			);
			dependencies = (
				0DB4D57C26D9515E007C07CC /* PBXTargetDependency */,
			);
			name = FetchRecipesWTestingUITests;
			productName = FetchRecipesWTestingUITests;
			productReference = 0DB4D57A26D9515E007C07CC /* FetchRecipesWTestingUITests.xctest */;
			productType = "com.apple.product-type.bundle.ui-testing";
		};
/* End PBXNativeTarget section */

/* Begin PBXProject section */
		0DB4D55126D9515B007C07CC /* Project object */ = {
			isa = PBXProject;
			attributes = {
				LastSwiftUpdateCheck = 1250;
				LastUpgradeCheck = 1250;
				TargetAttributes = {
					0DB4D55826D9515B007C07CC = {
						CreatedOnToolsVersion = 12.5.1;
					};
					0DB4D56E26D9515E007C07CC = {
						CreatedOnToolsVersion = 12.5.1;
						TestTargetID = 0DB4D55826D9515B007C07CC;
					};
					0DB4D57926D9515E007C07CC = {
						CreatedOnToolsVersion = 12.5.1;
						TestTargetID = 0DB4D55826D9515B007C07CC;
					};
				};
			};
			buildConfigurationList = 0DB4D55426D9515B007C07CC /* Build configuration list for PBXProject "FetchRecipesWTesting" */;
			compatibilityVersion = "Xcode 9.3";
			developmentRegion = en;
			hasScannedForEncodings = 0;
			knownRegions = (
				en,
				Base,
			);
			mainGroup = 0DB4D55026D9515B007C07CC;
			productRefGroup = 0DB4D55A26D9515B007C07CC /* Products */;
			projectDirPath = "";
			projectRoot = "";
			targets = (
				0DB4D55826D9515B007C07CC /* FetchRecipesWTesting */,
				0DB4D56E26D9515E007C07CC /* FetchRecipesWTestingTests */,
				0DB4D57926D9515E007C07CC /* FetchRecipesWTestingUITests */,
			);
		};
/* End PBXProject section */

/* Begin PBXResourcesBuildPhase section */
		0DB4D55726D9515B007C07CC /* Resources */ = {
			isa = PBXResourcesBuildPhase;
			buildActionMask = 2147483647;
			files = (
				0DB4D56926D9515E007C07CC /* LaunchScreen.storyboard in Resources */,
				0DB4D56626D9515E007C07CC /* Assets.xcassets in Resources */,
				0DB4D56426D9515B007C07CC /* Main.storyboard in Resources */,
			);
			runOnlyForDeploymentPostprocessing = 0;
		};
		0DB4D56D26D9515E007C07CC /* Resources */ = {
			isa = PBXResourcesBuildPhase;
			buildActionMask = 2147483647;
			files = (
			);
			runOnlyForDeploymentPostprocessing = 0;
		};
		0DB4D57826D9515E007C07CC /* Resources */ = {
			isa = PBXResourcesBuildPhase;
			buildActionMask = 2147483647;
			files = (
			);
			runOnlyForDeploymentPostprocessing = 0;
		};
/* End PBXResourcesBuildPhase section */

/* Begin PBXSourcesBuildPhase section */
		0DB4D55526D9515B007C07CC /* Sources */ = {
			isa = PBXSourcesBuildPhase;
			buildActionMask = 2147483647;
			files = (
				0DB4D5AB26D952A5007C07CC /* MealTableViewModel.swift in Sources */,
				0DB4D59726D951E0007C07CC /* CategoryError.swift in Sources */,
				0DB4D5A926D95282007C07CC /* CategoryController.swift in Sources */,
				0DB4D5B126D952DD007C07CC /* Meal.swift in Sources */,
				0DB4D59526D951C7007C07CC /* MealError.swift in Sources */,
				0DB4D5A726D95277007C07CC /* MealController.swift in Sources */,
				0DB4D5A126D95248007C07CC /* CategoriesViewController.swift in Sources */,
				0DB4D5AF26D952D6007C07CC /* Category.swift in Sources */,
				0DB4D5AD26D952B2007C07CC /* CategoriesViewModel.swift in Sources */,
				0DB4D55D26D9515B007C07CC /* AppDelegate.swift in Sources */,
				0DB4D59D26D95219007C07CC /* MealTableViewCell.swift in Sources */,
				0DB4D59326D951BC007C07CC /* GlobalFns.swift in Sources */,
				0DB4D59B26D9520C007C07CC /* CategoriesTableViewCell.swift in Sources */,
				0DB4D5A526D9526B007C07CC /* MealTableViewController.swift in Sources */,
				0DB4D5A326D95257007C07CC /* MealDetailViewController.swift in Sources */,
				0DB4D55F26D9515B007C07CC /* SceneDelegate.swift in Sources */,
			);
			runOnlyForDeploymentPostprocessing = 0;
		};
		0DB4D56B26D9515E007C07CC /* Sources */ = {
			isa = PBXSourcesBuildPhase;
			buildActionMask = 2147483647;
			files = (
				0DB4D57426D9515E007C07CC /* FetchRecipesWTestingTests.swift in Sources */,
			);
			runOnlyForDeploymentPostprocessing = 0;
		};
		0DB4D57626D9515E007C07CC /* Sources */ = {
			isa = PBXSourcesBuildPhase;
			buildActionMask = 2147483647;
			files = (
				0DB4D57F26D9515E007C07CC /* FetchRecipesWTestingUITests.swift in Sources */,
			);
			runOnlyForDeploymentPostprocessing = 0;
		};
/* End PBXSourcesBuildPhase section */

/* Begin PBXTargetDependency section */
		0DB4D57126D9515E007C07CC /* PBXTargetDependency */ = {
			isa = PBXTargetDependency;
			target = 0DB4D55826D9515B007C07CC /* FetchRecipesWTesting */;
			targetProxy = 0DB4D57026D9515E007C07CC /* PBXContainerItemProxy */;
		};
		0DB4D57C26D9515E007C07CC /* PBXTargetDependency */ = {
			isa = PBXTargetDependency;
			target = 0DB4D55826D9515B007C07CC /* FetchRecipesWTesting */;
			targetProxy = 0DB4D57B26D9515E007C07CC /* PBXContainerItemProxy */;
		};
/* End PBXTargetDependency section */

/* Begin PBXVariantGroup section */
		0DB4D56226D9515B007C07CC /* Main.storyboard */ = {
			isa = PBXVariantGroup;
			children = (
				0DB4D56326D9515B007C07CC /* Base */,
			);
			name = Main.storyboard;
			sourceTree = "<group>";
		};
		0DB4D56726D9515E007C07CC /* LaunchScreen.storyboard */ = {
			isa = PBXVariantGroup;
			children = (
				0DB4D56826D9515E007C07CC /* Base */,
			);
			name = LaunchScreen.storyboard;
			sourceTree = "<group>";
		};
/* End PBXVariantGroup section */

/* Begin XCBuildConfiguration section */
		0DB4D58126D9515E007C07CC /* Debug */ = {
			isa = XCBuildConfiguration;
			buildSettings = {
				ALWAYS_SEARCH_USER_PATHS = NO;
				CLANG_ANALYZER_NONNULL = YES;
				CLANG_ANALYZER_NUMBER_OBJECT_CONVERSION = YES_AGGRESSIVE;
				CLANG_CXX_LANGUAGE_STANDARD = "gnu++14";
				CLANG_CXX_LIBRARY = "libc++";
				CLANG_ENABLE_MODULES = YES;
				CLANG_ENABLE_OBJC_ARC = YES;
				CLANG_ENABLE_OBJC_WEAK = YES;
				CLANG_WARN_BLOCK_CAPTURE_AUTORELEASING = YES;
				CLANG_WARN_BOOL_CONVERSION = YES;
				CLANG_WARN_COMMA = YES;
				CLANG_WARN_CONSTANT_CONVERSION = YES;
				CLANG_WARN_DEPRECATED_OBJC_IMPLEMENTATIONS = YES;
				CLANG_WARN_DIRECT_OBJC_ISA_USAGE = YES_ERROR;
				CLANG_WARN_DOCUMENTATION_COMMENTS = YES;
				CLANG_WARN_EMPTY_BODY = YES;
				CLANG_WARN_ENUM_CONVERSION = YES;
				CLANG_WARN_INFINITE_RECURSION = YES;
				CLANG_WARN_INT_CONVERSION = YES;
				CLANG_WARN_NON_LITERAL_NULL_CONVERSION = YES;
				CLANG_WARN_OBJC_IMPLICIT_RETAIN_SELF = YES;
				CLANG_WARN_OBJC_LITERAL_CONVERSION = YES;
				CLANG_WARN_OBJC_ROOT_CLASS = YES_ERROR;
				CLANG_WARN_QUOTED_INCLUDE_IN_FRAMEWORK_HEADER = YES;
				CLANG_WARN_RANGE_LOOP_ANALYSIS = YES;
				CLANG_WARN_STRICT_PROTOTYPES = YES;
				CLANG_WARN_SUSPICIOUS_MOVE = YES;
				CLANG_WARN_UNGUARDED_AVAILABILITY = YES_AGGRESSIVE;
				CLANG_WARN_UNREACHABLE_CODE = YES;
				CLANG_WARN__DUPLICATE_METHOD_MATCH = YES;
				COPY_PHASE_STRIP = NO;
				DEBUG_INFORMATION_FORMAT = dwarf;
				ENABLE_STRICT_OBJC_MSGSEND = YES;
				ENABLE_TESTABILITY = YES;
				GCC_C_LANGUAGE_STANDARD = gnu11;
				GCC_DYNAMIC_NO_PIC = NO;
				GCC_NO_COMMON_BLOCKS = YES;
				GCC_OPTIMIZATION_LEVEL = 0;
				GCC_PREPROCESSOR_DEFINITIONS = (
					"DEBUG=1",
					"$(inherited)",
				);
				GCC_WARN_64_TO_32_BIT_CONVERSION = YES;
				GCC_WARN_ABOUT_RETURN_TYPE = YES_ERROR;
				GCC_WARN_UNDECLARED_SELECTOR = YES;
				GCC_WARN_UNINITIALIZED_AUTOS = YES_AGGRESSIVE;
				GCC_WARN_UNUSED_FUNCTION = YES;
				GCC_WARN_UNUSED_VARIABLE = YES;
				IPHONEOS_DEPLOYMENT_TARGET = 14.5;
				MTL_ENABLE_DEBUG_INFO = INCLUDE_SOURCE;
				MTL_FAST_MATH = YES;
				ONLY_ACTIVE_ARCH = YES;
				SDKROOT = iphoneos;
				SWIFT_ACTIVE_COMPILATION_CONDITIONS = DEBUG;
				SWIFT_OPTIMIZATION_LEVEL = "-Onone";
			};
			name = Debug;
		};
		0DB4D58226D9515E007C07CC /* Release */ = {
			isa = XCBuildConfiguration;
			buildSettings = {
				ALWAYS_SEARCH_USER_PATHS = NO;
				CLANG_ANALYZER_NONNULL = YES;
				CLANG_ANALYZER_NUMBER_OBJECT_CONVERSION = YES_AGGRESSIVE;
				CLANG_CXX_LANGUAGE_STANDARD = "gnu++14";
				CLANG_CXX_LIBRARY = "libc++";
				CLANG_ENABLE_MODULES = YES;
				CLANG_ENABLE_OBJC_ARC = YES;
				CLANG_ENABLE_OBJC_WEAK = YES;
				CLANG_WARN_BLOCK_CAPTURE_AUTORELEASING = YES;
				CLANG_WARN_BOOL_CONVERSION = YES;
				CLANG_WARN_COMMA = YES;
				CLANG_WARN_CONSTANT_CONVERSION = YES;
				CLANG_WARN_DEPRECATED_OBJC_IMPLEMENTATIONS = YES;
				CLANG_WARN_DIRECT_OBJC_ISA_USAGE = YES_ERROR;
				CLANG_WARN_DOCUMENTATION_COMMENTS = YES;
				CLANG_WARN_EMPTY_BODY = YES;
				CLANG_WARN_ENUM_CONVERSION = YES;
				CLANG_WARN_INFINITE_RECURSION = YES;
				CLANG_WARN_INT_CONVERSION = YES;
				CLANG_WARN_NON_LITERAL_NULL_CONVERSION = YES;
				CLANG_WARN_OBJC_IMPLICIT_RETAIN_SELF = YES;
				CLANG_WARN_OBJC_LITERAL_CONVERSION = YES;
				CLANG_WARN_OBJC_ROOT_CLASS = YES_ERROR;
				CLANG_WARN_QUOTED_INCLUDE_IN_FRAMEWORK_HEADER = YES;
				CLANG_WARN_RANGE_LOOP_ANALYSIS = YES;
				CLANG_WARN_STRICT_PROTOTYPES = YES;
				CLANG_WARN_SUSPICIOUS_MOVE = YES;
				CLANG_WARN_UNGUARDED_AVAILABILITY = YES_AGGRESSIVE;
				CLANG_WARN_UNREACHABLE_CODE = YES;
				CLANG_WARN__DUPLICATE_METHOD_MATCH = YES;
				COPY_PHASE_STRIP = NO;
				DEBUG_INFORMATION_FORMAT = "dwarf-with-dsym";
				ENABLE_NS_ASSERTIONS = NO;
				ENABLE_STRICT_OBJC_MSGSEND = YES;
				GCC_C_LANGUAGE_STANDARD = gnu11;
				GCC_NO_COMMON_BLOCKS = YES;
				GCC_WARN_64_TO_32_BIT_CONVERSION = YES;
				GCC_WARN_ABOUT_RETURN_TYPE = YES_ERROR;
				GCC_WARN_UNDECLARED_SELECTOR = YES;
				GCC_WARN_UNINITIALIZED_AUTOS = YES_AGGRESSIVE;
				GCC_WARN_UNUSED_FUNCTION = YES;
				GCC_WARN_UNUSED_VARIABLE = YES;
				IPHONEOS_DEPLOYMENT_TARGET = 14.5;
				MTL_ENABLE_DEBUG_INFO = NO;
				MTL_FAST_MATH = YES;
				SDKROOT = iphoneos;
				SWIFT_COMPILATION_MODE = wholemodule;
				SWIFT_OPTIMIZATION_LEVEL = "-O";
				VALIDATE_PRODUCT = YES;
			};
			name = Release;
		};
		0DB4D58426D9515E007C07CC /* Debug */ = {
			isa = XCBuildConfiguration;
			buildSettings = {
				ASSETCATALOG_COMPILER_APPICON_NAME = AppIcon;
				ASSETCATALOG_COMPILER_GLOBAL_ACCENT_COLOR_NAME = AccentColor;
				CODE_SIGN_STYLE = Automatic;
				DEVELOPMENT_TEAM = 5L2PGYP5GB;
				INFOPLIST_FILE = FetchRecipesWTesting/Resources/Info.plist;
				LD_RUNPATH_SEARCH_PATHS = (
					"$(inherited)",
					"@executable_path/Frameworks",
				);
				PRODUCT_BUNDLE_IDENTIFIER = "James-Lea.FetchRecipesWTesting";
				PRODUCT_NAME = "$(TARGET_NAME)";
				SWIFT_VERSION = 5.0;
				TARGETED_DEVICE_FAMILY = "1,2";
			};
			name = Debug;
		};
		0DB4D58526D9515E007C07CC /* Release */ = {
			isa = XCBuildConfiguration;
			buildSettings = {
				ASSETCATALOG_COMPILER_APPICON_NAME = AppIcon;
				ASSETCATALOG_COMPILER_GLOBAL_ACCENT_COLOR_NAME = AccentColor;
				CODE_SIGN_STYLE = Automatic;
				DEVELOPMENT_TEAM = 5L2PGYP5GB;
				INFOPLIST_FILE = FetchRecipesWTesting/Resources/Info.plist;
				LD_RUNPATH_SEARCH_PATHS = (
					"$(inherited)",
					"@executable_path/Frameworks",
				);
				PRODUCT_BUNDLE_IDENTIFIER = "James-Lea.FetchRecipesWTesting";
				PRODUCT_NAME = "$(TARGET_NAME)";
				SWIFT_VERSION = 5.0;
				TARGETED_DEVICE_FAMILY = "1,2";
			};
			name = Release;
		};
		0DB4D58726D9515E007C07CC /* Debug */ = {
			isa = XCBuildConfiguration;
			buildSettings = {
				ALWAYS_EMBED_SWIFT_STANDARD_LIBRARIES = YES;
				BUNDLE_LOADER = "$(TEST_HOST)";
				CODE_SIGN_STYLE = Automatic;
				DEVELOPMENT_TEAM = 5L2PGYP5GB;
				INFOPLIST_FILE = FetchRecipesWTestingTests/Info.plist;
				IPHONEOS_DEPLOYMENT_TARGET = 14.5;
				LD_RUNPATH_SEARCH_PATHS = (
					"$(inherited)",
					"@executable_path/Frameworks",
					"@loader_path/Frameworks",
				);
				PRODUCT_BUNDLE_IDENTIFIER = "James-Lea.FetchRecipesWTestingTests";
				PRODUCT_NAME = "$(TARGET_NAME)";
				SWIFT_VERSION = 5.0;
				TARGETED_DEVICE_FAMILY = "1,2";
				TEST_HOST = "$(BUILT_PRODUCTS_DIR)/FetchRecipesWTesting.app/FetchRecipesWTesting";
			};
			name = Debug;
		};
		0DB4D58826D9515E007C07CC /* Release */ = {
			isa = XCBuildConfiguration;
			buildSettings = {
				ALWAYS_EMBED_SWIFT_STANDARD_LIBRARIES = YES;
				BUNDLE_LOADER = "$(TEST_HOST)";
				CODE_SIGN_STYLE = Automatic;
				DEVELOPMENT_TEAM = 5L2PGYP5GB;
				INFOPLIST_FILE = FetchRecipesWTestingTests/Info.plist;
				IPHONEOS_DEPLOYMENT_TARGET = 14.5;
				LD_RUNPATH_SEARCH_PATHS = (
					"$(inherited)",
					"@executable_path/Frameworks",
					"@loader_path/Frameworks",
				);
				PRODUCT_BUNDLE_IDENTIFIER = "James-Lea.FetchRecipesWTestingTests";
				PRODUCT_NAME = "$(TARGET_NAME)";
				SWIFT_VERSION = 5.0;
				TARGETED_DEVICE_FAMILY = "1,2";
				TEST_HOST = "$(BUILT_PRODUCTS_DIR)/FetchRecipesWTesting.app/FetchRecipesWTesting";
			};
			name = Release;
		};
		0DB4D58A26D9515E007C07CC /* Debug */ = {
			isa = XCBuildConfiguration;
			buildSettings = {
				ALWAYS_EMBED_SWIFT_STANDARD_LIBRARIES = YES;
				CODE_SIGN_STYLE = Automatic;
				DEVELOPMENT_TEAM = 5L2PGYP5GB;
				INFOPLIST_FILE = FetchRecipesWTestingUITests/Info.plist;
				LD_RUNPATH_SEARCH_PATHS = (
					"$(inherited)",
					"@executable_path/Frameworks",
					"@loader_path/Frameworks",
				);
				PRODUCT_BUNDLE_IDENTIFIER = "James-Lea.FetchRecipesWTestingUITests";
				PRODUCT_NAME = "$(TARGET_NAME)";
				SWIFT_VERSION = 5.0;
				TARGETED_DEVICE_FAMILY = "1,2";
				TEST_TARGET_NAME = FetchRecipesWTesting;
			};
			name = Debug;
		};
		0DB4D58B26D9515E007C07CC /* Release */ = {
			isa = XCBuildConfiguration;
			buildSettings = {
				ALWAYS_EMBED_SWIFT_STANDARD_LIBRARIES = YES;
				CODE_SIGN_STYLE = Automatic;
				DEVELOPMENT_TEAM = 5L2PGYP5GB;
				INFOPLIST_FILE = FetchRecipesWTestingUITests/Info.plist;
				LD_RUNPATH_SEARCH_PATHS = (
					"$(inherited)",
					"@executable_path/Frameworks",
					"@loader_path/Frameworks",
				);
				PRODUCT_BUNDLE_IDENTIFIER = "James-Lea.FetchRecipesWTestingUITests";
				PRODUCT_NAME = "$(TARGET_NAME)";
				SWIFT_VERSION = 5.0;
				TARGETED_DEVICE_FAMILY = "1,2";
				TEST_TARGET_NAME = FetchRecipesWTesting;
			};
			name = Release;
		};
/* End XCBuildConfiguration section */

/* Begin XCConfigurationList section */
		0DB4D55426D9515B007C07CC /* Build configuration list for PBXProject "FetchRecipesWTesting" */ = {
			isa = XCConfigurationList;
			buildConfigurations = (
				0DB4D58126D9515E007C07CC /* Debug */,
				0DB4D58226D9515E007C07CC /* Release */,
			);
			defaultConfigurationIsVisible = 0;
			defaultConfigurationName = Release;
		};
		0DB4D58326D9515E007C07CC /* Build configuration list for PBXNativeTarget "FetchRecipesWTesting" */ = {
			isa = XCConfigurationList;
			buildConfigurations = (
				0DB4D58426D9515E007C07CC /* Debug */,
				0DB4D58526D9515E007C07CC /* Release */,
			);
			defaultConfigurationIsVisible = 0;
			defaultConfigurationName = Release;
		};
		0DB4D58626D9515E007C07CC /* Build configuration list for PBXNativeTarget "FetchRecipesWTestingTests" */ = {
			isa = XCConfigurationList;
			buildConfigurations = (
				0DB4D58726D9515E007C07CC /* Debug */,
				0DB4D58826D9515E007C07CC /* Release */,
			);
			defaultConfigurationIsVisible = 0;
			defaultConfigurationName = Release;
		};
		0DB4D58926D9515E007C07CC /* Build configuration list for PBXNativeTarget "FetchRecipesWTestingUITests" */ = {
			isa = XCConfigurationList;
			buildConfigurations = (
				0DB4D58A26D9515E007C07CC /* Debug */,
				0DB4D58B26D9515E007C07CC /* Release */,
			);
			defaultConfigurationIsVisible = 0;
			defaultConfigurationName = Release;
		};
/* End XCConfigurationList section */
	};
	rootObject = 0DB4D55126D9515B007C07CC /* Project object */;
}
